
Microsoft Visual Studio Solution File, Format Version 12.00
# Visual Studio Version 17
VisualStudioVersion = 17.12.35707.178 d17.12
MinimumVisualStudioVersion = 10.0.40219.1
Project("{2150E333-8FDC-42A3-9474-1A3956D46DE8}") = "src", "src", "{63130759-6422-422F-9494-B5AA66D5E455}"
EndProject
Project("{2150E333-8FDC-42A3-9474-1A3956D46DE8}") = "ApplicationLayer", "ApplicationLayer", "{CB2005FA-AB70-4C4D-8557-430EF7272F0B}"
EndProject
Project("{2150E333-8FDC-42A3-9474-1A3956D46DE8}") = "DomainLayer", "DomainLayer", "{EB5D6BE9-6B89-499A-A3F2-B85A10784184}"
EndProject
Project("{2150E333-8FDC-42A3-9474-1A3956D46DE8}") = "InfrastructureLayer", "InfrastructureLayer", "{F04E38DB-B15D-422C-9DE3-3D79CE67038D}"
EndProject
Project("{FAE04EC0-301F-11D3-BF4B-00C04F79EFBC}") = "EduDriveInformationSystem.Domain", "..\EduDriveInformationSystem.Domain\EduDriveInformationSystem.Domain.csproj", "{2394A913-7D0C-49D1-B643-86417172185B}"
EndProject
Global
	GlobalSection(SolutionConfigurationPlatforms) = preSolution
		Debug|Any CPU = Debug|Any CPU
		Release|Any CPU = Release|Any CPU
	EndGlobalSection
	GlobalSection(ProjectConfigurationPlatforms) = postSolution
		{2394A913-7D0C-49D1-B643-86417172185B}.Debug|Any CPU.ActiveCfg = Debug|Any CPU
		{2394A913-7D0C-49D1-B643-86417172185B}.Debug|Any CPU.Build.0 = Debug|Any CPU
		{2394A913-7D0C-49D1-B643-86417172185B}.Release|Any CPU.ActiveCfg = Release|Any CPU
		{2394A913-7D0C-49D1-B643-86417172185B}.Release|Any CPU.Build.0 = Release|Any CPU
	EndGlobalSection
	GlobalSection(SolutionProperties) = preSolution
		HideSolutionNode = FALSE
	EndGlobalSection
	GlobalSection(NestedProjects) = preSolution
		{CB2005FA-AB70-4C4D-8557-430EF7272F0B} = {63130759-6422-422F-9494-B5AA66D5E455}
		{EB5D6BE9-6B89-499A-A3F2-B85A10784184} = {63130759-6422-422F-9494-B5AA66D5E455}
		{F04E38DB-B15D-422C-9DE3-3D79CE67038D} = {63130759-6422-422F-9494-B5AA66D5E455}
		{2394A913-7D0C-49D1-B643-86417172185B} = {EB5D6BE9-6B89-499A-A3F2-B85A10784184}
	EndGlobalSection
EndGlobal
